
Microsoft Visual Studio Solution File, Format Version 12.00
# Visual Studio Version 17
VisualStudioVersion = 17.8.34511.84
MinimumVisualStudioVersion = 10.0.40219.1
Project("{FAE04EC0-301F-11D3-BF4B-00C04F79EFBC}") = "ArrayExcercises", "ArrayExcercises\ArrayExcercises.csproj", "{D4C03EC7-876B-4207-A56F-5669CDE9A6A1}"
EndProject
Global
	GlobalSection(SolutionConfigurationPlatforms) = preSolution
		Debug|Any CPU = Debug|Any CPU
		Release|Any CPU = Release|Any CPU
	EndGlobalSection
	GlobalSection(ProjectConfigurationPlatforms) = postSolution
		{D4C03EC7-876B-4207-A56F-5669CDE9A6A1}.Debug|Any CPU.ActiveCfg = Debug|Any CPU
		{D4C03EC7-876B-4207-A56F-5669CDE9A6A1}.Debug|Any CPU.Build.0 = Debug|Any CPU
		{D4C03EC7-876B-4207-A56F-5669CDE9A6A1}.Release|Any CPU.ActiveCfg = Release|Any CPU
		{D4C03EC7-876B-4207-A56F-5669CDE9A6A1}.Release|Any CPU.Build.0 = Release|Any CPU
	EndGlobalSection
	GlobalSection(SolutionProperties) = preSolution
		HideSolutionNode = FALSE
	EndGlobalSection
	GlobalSection(ExtensibilityGlobals) = postSolution
		SolutionGuid = {C9160FD7-013F-488F-BBDC-FC294B9BB05E}
	EndGlobalSection
EndGlobal
